Microsoft Visual Studio Solution File, Format Version 12.00
# Visual Studio Version 17
VisualStudioVersion = 17.5.2.0
MinimumVisualStudioVersion = 10.0.40219.1
Project("{FAE04EC0-301F-11D3-BF4B-00C04F79EFBC}") = "EjerciciosCSharp", "EjerciciosCSharp\EjerciciosCSharp.csproj", "{A538C639-BD57-7E47-40F8-91841451E4D0}"
EndProject
Project("{FAE04EC0-301F-11D3-BF4B-00C04F79EFBC}") = "EjerciciosCSharp.Tests", "EjerciciosCSharp.Tests\EjerciciosCSharp.Tests.csproj", "{104483E5-A2C6-4E9B-181F-41BE435B727C}"
EndProject
Global
	GlobalSection(SolutionConfigurationPlatforms) = preSolution
		Debug|Any CPU = Debug|Any CPU
		Release|Any CPU = Release|Any CPU
	EndGlobalSection
	GlobalSection(ProjectConfigurationPlatforms) = postSolution
		{A538C639-BD57-7E47-40F8-91841451E4D0}.Debug|Any CPU.ActiveCfg = Debug|Any CPU
		{A538C639-BD57-7E47-40F8-91841451E4D0}.Debug|Any CPU.Build.0 = Debug|Any CPU
		{A538C639-BD57-7E47-40F8-91841451E4D0}.Release|Any CPU.ActiveCfg = Release|Any CPU
		{A538C639-BD57-7E47-40F8-91841451E4D0}.Release|Any CPU.Build.0 = Release|Any CPU
		{104483E5-A2C6-4E9B-181F-41BE435B727C}.Debug|Any CPU.ActiveCfg = Debug|Any CPU
		{104483E5-A2C6-4E9B-181F-41BE435B727C}.Debug|Any CPU.Build.0 = Debug|Any CPU
		{104483E5-A2C6-4E9B-181F-41BE435B727C}.Release|Any CPU.ActiveCfg = Release|Any CPU
		{104483E5-A2C6-4E9B-181F-41BE435B727C}.Release|Any CPU.Build.0 = Release|Any CPU
	EndGlobalSection
	GlobalSection(SolutionProperties) = preSolution
		HideSolutionNode = FALSE
	EndGlobalSection
	GlobalSection(ExtensibilityGlobals) = postSolution
		SolutionGuid = {AD86C65C-1732-4709-A215-1FB533A76F0B}
	EndGlobalSection
EndGlobal
